{
  "name": "@thecodecampus/angular-material-theme",
  "version": "3.0.0",
  "lockfileVersion": 2,
  "requires": true,
  "packages": {
    "": {
      "name": "@thecodecampus/angular-material-theme",
      "version": "3.0.0",
      "license": "CC-BY-NC-ND-4.0",
      "dependencies": {
        "@fontsource/noto-sans": "^4.5.11"
      },
      "devDependencies": {
        "@angular/cdk": "^14.2.7",
        "@angular/material": "^14.2.7"
      },
      "peerDependencies": {
        "@angular/material": ">=12"
      }
    },
    "node_modules/@angular/animations": {
      "version": "14.2.10",
      "resolved": "https://registry.npmjs.org/@angular/animations/-/animations-14.2.10.tgz",
      "integrity": "sha512-t3ntvZvEI3lFrsJOC2qcF4ZCD04rVXWt8769YfearACBMsAXF0OAsLFcFHSDxcJelLGvQlXtBhjhe4IFAnQiZw==",
      "dev": true,
      "peer": true,
      "dependencies": {
        "tslib": "^2.3.0"
      },
      "engines": {
        "node": "^14.15.0 || >=16.10.0"
      },
      "peerDependencies": {
        "@angular/core": "14.2.10"
      }
    },
    "node_modules/@angular/cdk": {
      "version": "14.2.7",
      "resolved": "https://registry.npmjs.org/@angular/cdk/-/cdk-14.2.7.tgz",
      "integrity": "sha512-/tEsYaUbDSnfEmKVvAMramIptmhI67O+9STjOV0i+74XR2NospeK0fkbywIANu1n3w6AHGMotvRWJrjmbCElFg==",
      "dev": true,
      "dependencies": {
        "tslib": "^2.3.0"
      },
      "optionalDependencies": {
        "parse5": "^5.0.0"
      },
      "peerDependencies": {
        "@angular/common": "^14.0.0 || ^15.0.0",
        "@angular/core": "^14.0.0 || ^15.0.0",
        "rxjs": "^6.5.3 || ^7.4.0"
      }
    },
    "node_modules/@angular/common": {
      "version": "14.2.10",
      "resolved": "https://registry.npmjs.org/@angular/common/-/common-14.2.10.tgz",
      "integrity": "sha512-uXtopPVKq1in/wcyMUYNk9uVDJ1ArlZ0wkfZEE1EMFaIZXR4p1fkbH1zMukUK+ldRlyqkuT1btZUq15incsKcg==",
      "dev": true,
      "peer": true,
      "dependencies": {
        "tslib": "^2.3.0"
      },
      "engines": {
        "node": "^14.15.0 || >=16.10.0"
      },
      "peerDependencies": {
        "@angular/core": "14.2.10",
        "rxjs": "^6.5.3 || ^7.4.0"
      }
    },
    "node_modules/@angular/core": {
      "version": "14.2.10",
      "resolved": "https://registry.npmjs.org/@angular/core/-/core-14.2.10.tgz",
      "integrity": "sha512-3XN+c0+tAtcUc8o7sQ41RLcSFPMt8krCfKFpDUOQwKjm90OOBcoG0LfmRfYBFNAenQh4glQQGOaYvLY98bTFTw==",
      "dev": true,
      "peer": true,
      "dependencies": {
        "tslib": "^2.3.0"
      },
      "engines": {
        "node": "^14.15.0 || >=16.10.0"
      },
      "peerDependencies": {
        "rxjs": "^6.5.3 || ^7.4.0",
        "zone.js": "~0.11.4 || ~0.12.0"
      }
    },
    "node_modules/@angular/forms": {
      "version": "14.2.10",
      "resolved": "https://registry.npmjs.org/@angular/forms/-/forms-14.2.10.tgz",
      "integrity": "sha512-6Wa7Knx+dbVS9+Z05m86pErRb1f3uG9gQ30+nRenjJW1d3HCyFPj6gteqQPUAOhtc4zN4L33pR52UuKoHUYJOQ==",
      "dev": true,
      "peer": true,
      "dependencies": {
        "tslib": "^2.3.0"
      },
      "engines": {
        "node": "^14.15.0 || >=16.10.0"
      },
      "peerDependencies": {
        "@angular/common": "14.2.10",
        "@angular/core": "14.2.10",
        "@angular/platform-browser": "14.2.10",
        "rxjs": "^6.5.3 || ^7.4.0"
      }
    },
    "node_modules/@angular/material": {
      "version": "14.2.7",
      "resolved": "https://registry.npmjs.org/@angular/material/-/material-14.2.7.tgz",
      "integrity": "sha512-WXHh8pEStpgkXZJmYOg2cI8BSHkV82ET4XTJCNPdveumaCn1UYnaNzsXD13kw5z+zmy8CufhFEzdXTrv/yt7KQ==",
      "dev": true,
      "dependencies": {
        "tslib": "^2.3.0"
      },
      "peerDependencies": {
        "@angular/animations": "^14.0.0 || ^15.0.0",
        "@angular/cdk": "14.2.7",
        "@angular/common": "^14.0.0 || ^15.0.0",
        "@angular/core": "^14.0.0 || ^15.0.0",
        "@angular/forms": "^14.0.0 || ^15.0.0",
        "@angular/platform-browser": "^14.0.0 || ^15.0.0",
        "rxjs": "^6.5.3 || ^7.4.0"
      }
    },
    "node_modules/@angular/platform-browser": {
      "version": "14.2.10",
      "resolved": "https://registry.npmjs.org/@angular/platform-browser/-/platform-browser-14.2.10.tgz",
      "integrity": "sha512-oYd5UMuGt4bocGFEaNYhQ7vzZFygLzCVM+SYxgfOHcgzeofZOjdaZgb84ANKgca5jguZg2ZGo1iklAbvfMrk2A==",
      "dev": true,
      "peer": true,
      "dependencies": {
        "tslib": "^2.3.0"
      },
      "engines": {
        "node": "^14.15.0 || >=16.10.0"
      },
      "peerDependencies": {
        "@angular/animations": "14.2.10",
        "@angular/common": "14.2.10",
        "@angular/core": "14.2.10"
      },
      "peerDependenciesMeta": {
        "@angular/animations": {
          "optional": true
        }
      }
    },
    "node_modules/@fontsource/noto-sans": {
      "version": "4.5.11",
      "resolved": "https://registry.npmjs.org/@fontsource/noto-sans/-/noto-sans-4.5.11.tgz",
      "integrity": "sha512-lBX7FCjIjSrQ+iMuXUuO+mbjbnUsJyZANg/04PgkeeAYe+cwnX81ibbgrAk1F56M6/btIrWQoDjxsK6Sz8KoVQ=="
    },
    "node_modules/parse5": {
      "version": "5.1.0",
      "resolved": "https://registry.npmjs.org/parse5/-/parse5-5.1.0.tgz",
      "integrity": "sha512-fxNG2sQjHvlVAYmzBZS9YlDp6PTSSDwa98vkD4QgVDDCAo84z5X1t5XyJQ62ImdLXx5NdIIfihey6xpum9/gRQ==",
      "dev": true,
      "optional": true
    },
    "node_modules/rxjs": {
      "version": "7.5.7",
      "resolved": "https://registry.npmjs.org/rxjs/-/rxjs-7.5.7.tgz",
      "integrity": "sha512-z9MzKh/UcOqB3i20H6rtrlaE/CgjLOvheWK/9ILrbhROGTweAi1BaFsTT9FbwZi5Trr1qNRs+MXkhmR06awzQA==",
      "dev": true,
      "peer": true,
      "dependencies": {
        "tslib": "^2.1.0"
      }
    },
    "node_modules/tslib": {
      "version": "2.4.1",
      "resolved": "https://registry.npmjs.org/tslib/-/tslib-2.4.1.tgz",
      "integrity": "sha512-tGyy4dAjRIEwI7BzsB0lynWgOpfqjUdq91XXAlIWD2OwKBH7oCl/GZG/HT4BOHrTlPMOASlMQ7veyTqpmRcrNA==",
      "dev": true
    },
    "node_modules/zone.js": {
      "version": "0.12.0",
      "resolved": "https://registry.npmjs.org/zone.js/-/zone.js-0.12.0.tgz",
      "integrity": "sha512-XtC+I5dXU14HrzidAKBNMqneIVUykLEAA1x+v4KVrd6AUPWlwYORF8KgsVqvgdHiKZ4BkxxjvYi/ksEixTPR0Q==",
      "dev": true,
      "peer": true,
      "dependencies": {
        "tslib": "^2.3.0"
      }
    }
  },
  "dependencies": {
    "@angular/animations": {
      "version": "14.2.10",
      "resolved": "https://registry.npmjs.org/@angular/animations/-/animations-14.2.10.tgz",
      "integrity": "sha512-t3ntvZvEI3lFrsJOC2qcF4ZCD04rVXWt8769YfearACBMsAXF0OAsLFcFHSDxcJelLGvQlXtBhjhe4IFAnQiZw==",
      "dev": true,
      "peer": true,
      "requires": {
        "tslib": "^2.3.0"
      }
    },
    "@angular/cdk": {
      "version": "14.2.7",
      "resolved": "https://registry.npmjs.org/@angular/cdk/-/cdk-14.2.7.tgz",
      "integrity": "sha512-/tEsYaUbDSnfEmKVvAMramIptmhI67O+9STjOV0i+74XR2NospeK0fkbywIANu1n3w6AHGMotvRWJrjmbCElFg==",
      "dev": true,
      "requires": {
        "parse5": "^5.0.0",
        "tslib": "^2.3.0"
      }
    },
    "@angular/common": {
      "version": "14.2.10",
      "resolved": "https://registry.npmjs.org/@angular/common/-/common-14.2.10.tgz",
      "integrity": "sha512-uXtopPVKq1in/wcyMUYNk9uVDJ1ArlZ0wkfZEE1EMFaIZXR4p1fkbH1zMukUK+ldRlyqkuT1btZUq15incsKcg==",
      "dev": true,
      "peer": true,
      "requires": {
        "tslib": "^2.3.0"
      }
    },
    "@angular/core": {
      "version": "14.2.10",
      "resolved": "https://registry.npmjs.org/@angular/core/-/core-14.2.10.tgz",
      "integrity": "sha512-3XN+c0+tAtcUc8o7sQ41RLcSFPMt8krCfKFpDUOQwKjm90OOBcoG0LfmRfYBFNAenQh4glQQGOaYvLY98bTFTw==",
      "dev": true,
      "peer": true,
      "requires": {
        "tslib": "^2.3.0"
      }
    },
    "@angular/forms": {
      "version": "14.2.10",
      "resolved": "https://registry.npmjs.org/@angular/forms/-/forms-14.2.10.tgz",
      "integrity": "sha512-6Wa7Knx+dbVS9+Z05m86pErRb1f3uG9gQ30+nRenjJW1d3HCyFPj6gteqQPUAOhtc4zN4L33pR52UuKoHUYJOQ==",
      "dev": true,
      "peer": true,
      "requires": {
        "tslib": "^2.3.0"
      }
    },
    "@angular/material": {
      "version": "14.2.7",
      "resolved": "https://registry.npmjs.org/@angular/material/-/material-14.2.7.tgz",
      "integrity": "sha512-WXHh8pEStpgkXZJmYOg2cI8BSHkV82ET4XTJCNPdveumaCn1UYnaNzsXD13kw5z+zmy8CufhFEzdXTrv/yt7KQ==",
      "dev": true,
      "requires": {
        "tslib": "^2.3.0"
      }
    },
    "@angular/platform-browser": {
      "version": "14.2.10",
      "resolved": "https://registry.npmjs.org/@angular/platform-browser/-/platform-browser-14.2.10.tgz",
      "integrity": "sha512-oYd5UMuGt4bocGFEaNYhQ7vzZFygLzCVM+SYxgfOHcgzeofZOjdaZgb84ANKgca5jguZg2ZGo1iklAbvfMrk2A==",
      "dev": true,
      "peer": true,
      "requires": {
        "tslib": "^2.3.0"
      }
    },
    "@fontsource/noto-sans": {
      "version": "4.5.11",
      "resolved": "https://registry.npmjs.org/@fontsource/noto-sans/-/noto-sans-4.5.11.tgz",
      "integrity": "sha512-lBX7FCjIjSrQ+iMuXUuO+mbjbnUsJyZANg/04PgkeeAYe+cwnX81ibbgrAk1F56M6/btIrWQoDjxsK6Sz8KoVQ=="
    },
    "parse5": {
      "version": "5.1.0",
      "resolved": "https://registry.npmjs.org/parse5/-/parse5-5.1.0.tgz",
      "integrity": "sha512-fxNG2sQjHvlVAYmzBZS9YlDp6PTSSDwa98vkD4QgVDDCAo84z5X1t5XyJQ62ImdLXx5NdIIfihey6xpum9/gRQ==",
      "dev": true,
      "optional": true
    },
    "rxjs": {
      "version": "7.5.7",
      "resolved": "https://registry.npmjs.org/rxjs/-/rxjs-7.5.7.tgz",
      "integrity": "sha512-z9MzKh/UcOqB3i20H6rtrlaE/CgjLOvheWK/9ILrbhROGTweAi1BaFsTT9FbwZi5Trr1qNRs+MXkhmR06awzQA==",
      "dev": true,
      "peer": true,
      "requires": {
        "tslib": "^2.1.0"
      }
    },
    "tslib": {
      "version": "2.4.1",
      "resolved": "https://registry.npmjs.org/tslib/-/tslib-2.4.1.tgz",
      "integrity": "sha512-tGyy4dAjRIEwI7BzsB0lynWgOpfqjUdq91XXAlIWD2OwKBH7oCl/GZG/HT4BOHrTlPMOASlMQ7veyTqpmRcrNA==",
      "dev": true
    },
    "zone.js": {
      "version": "0.12.0",
      "resolved": "https://registry.npmjs.org/zone.js/-/zone.js-0.12.0.tgz",
      "integrity": "sha512-XtC+I5dXU14HrzidAKBNMqneIVUykLEAA1x+v4KVrd6AUPWlwYORF8KgsVqvgdHiKZ4BkxxjvYi/ksEixTPR0Q==",
      "dev": true,
      "peer": true,
      "requires": {
        "tslib": "^2.3.0"
      }
    }
  }
}
