{
  "name": "@thecodecampus/angular-material-theme",
  "version": "1.0.1",
  "lockfileVersion": 1,
  "dependencies": {
    "@angular/cdk": {
      "version": "2.0.0-beta.8",
      "resolved": "https://registry.npmjs.org/@angular/cdk/-/cdk-2.0.0-beta.8.tgz",
      "integrity": "sha512-OOtK+AA14cmRG9AbUgvoKC9Tooz0N37GTaRSV+xziC8GxXHgwvTu4PFSFHlBnHPipOYC/tB2oP39j3KuurEMPA==",
      "dev": true
    },
    "@angular/common": {
      "version": "4.4.6",
      "resolved": "https://registry.npmjs.org/@angular/common/-/common-4.4.6.tgz",
      "integrity": "sha1-S4FCByTggooOg5uVpV6xp+g5GPI=",
      "dev": true
    },
    "@angular/core": {
      "version": "4.4.6",
      "resolved": "https://registry.npmjs.org/@angular/core/-/core-4.4.6.tgz",
      "integrity": "sha1-EwMf0Q3P5DiHVBmzjyESCVi8I1Q=",
      "dev": true
    },
    "@angular/material": {
      "version": "2.0.0-beta.8",
      "resolved": "https://registry.npmjs.org/@angular/material/-/material-2.0.0-beta.8.tgz",
      "integrity": "sha512-4+OecvjU15i+l/vXBP2qEHdlsU9taK6kBhsWKsxNLK3+TAVoV5qjc2rjOucHtTwI/oOjyBXnLJP6pl4tuLEUQw==",
      "dev": true
    },
    "tslib": {
      "version": "1.7.1",
      "resolved": "https://registry.npmjs.org/tslib/-/tslib-1.7.1.tgz",
      "integrity": "sha1-vIAEFkaRkjp5/oN4u+s9ogF1OOw=",
      "dev": true
    }
  }
}
